{
  "name": "WADS_database",
  "lockfileVersion": 3,
  "requires": true,
  "packages": {
    "": {
      "dependencies": {
        "easy-autocomplete": "^1.3.5"
      }
    },
    "node_modules/easy-autocomplete": {
      "version": "1.3.5",
      "resolved": "https://registry.npmjs.org/easy-autocomplete/-/easy-autocomplete-1.3.5.tgz",
      "integrity": "sha512-eW36G+VCXkoN6csTwN4+10t+fe9G+bm7kY0T0rLsoeTOM27+uu6rcO506rIXC+xZDviCXpBhsWacCirxJ//+dg==",
      "dependencies": {
        "jquery": "*"
      }
    },
    "node_modules/jquery": {
      "version": "3.7.0",
      "resolved": "https://registry.npmjs.org/jquery/-/jquery-3.7.0.tgz",
      "integrity": "sha512-umpJ0/k8X0MvD1ds0P9SfowREz2LenHsQaxSohMZ5OMNEU2r0tf8pdeEFTHMFxWVxKNyU9rTtK3CWzUCTKJUeQ=="
    }
  }
}
